
Microsoft Visual Studio Solution File, Format Version 12.00
# Visual Studio Version 17
VisualStudioVersion = 17.1.32328.378
MinimumVisualStudioVersion = 10.0.40219.1
Project("{FAE04EC0-301F-11D3-BF4B-00C04F79EFBC}") = "Homework7(class)", "Homework7(class).csproj", "{AB6B02C9-C7A3-47C8-A6EC-2E691B6BAE28}"
EndProject
Global
	GlobalSection(SolutionConfigurationPlatforms) = preSolution
		Debug|Any CPU = Debug|Any CPU
		Release|Any CPU = Release|Any CPU
	EndGlobalSection
	GlobalSection(ProjectConfigurationPlatforms) = postSolution
		{AB6B02C9-C7A3-47C8-A6EC-2E691B6BAE28}.Debug|Any CPU.ActiveCfg = Debug|Any CPU
		{AB6B02C9-C7A3-47C8-A6EC-2E691B6BAE28}.Debug|Any CPU.Build.0 = Debug|Any CPU
		{AB6B02C9-C7A3-47C8-A6EC-2E691B6BAE28}.Release|Any CPU.ActiveCfg = Release|Any CPU
		{AB6B02C9-C7A3-47C8-A6EC-2E691B6BAE28}.Release|Any CPU.Build.0 = Release|Any CPU
	EndGlobalSection
	GlobalSection(SolutionProperties) = preSolution
		HideSolutionNode = FALSE
	EndGlobalSection
	GlobalSection(ExtensibilityGlobals) = postSolution
		SolutionGuid = {20621D7F-9BF2-4EBD-9817-D7B2A152A1FF}
	EndGlobalSection
EndGlobal
